
Microsoft Visual Studio Solution File, Format Version 12.00
# Visual Studio Version 16
VisualStudioVersion = 16.0.32602.291
MinimumVisualStudioVersion = 10.0.40219.1
Project("{9A19103F-16F7-4668-BE54-9A1E7A4F7556}") = "DataAccess", "DataAccess\DataAccess.csproj", "{69F5CC8B-F476-48E6-9455-C7DBF418AE78}"
EndProject
Project("{9A19103F-16F7-4668-BE54-9A1E7A4F7556}") = "Business", "Business\Business.csproj", "{55CC0ADB-7576-4B68-91DF-58D59017CED1}"
EndProject
Project("{9A19103F-16F7-4668-BE54-9A1E7A4F7556}") = "Entities", "Entities\Entities.csproj", "{DF77B904-16ED-430A-A2D5-6C8263C5AC4E}"
EndProject
Project("{9A19103F-16F7-4668-BE54-9A1E7A4F7556}") = "ConsoleUI", "ConsoleUI\ConsoleUI.csproj", "{104008B3-D8D0-47F0-AB13-7752771AFA1C}"
EndProject
Project("{9A19103F-16F7-4668-BE54-9A1E7A4F7556}") = "Core", "Core\Core.csproj", "{88542CEE-71D1-421E-A249-2FCD75A88EF5}"
EndProject
Project("{FAE04EC0-301F-11D3-BF4B-00C04F79EFBC}") = "WebAPI", "WebAPI\WebAPI.csproj", "{6E6F755E-BA84-4D53-88C4-20AA98A72FBE}"
EndProject
Global
	GlobalSection(SolutionConfigurationPlatforms) = preSolution
		Debug|Any CPU = Debug|Any CPU
		Release|Any CPU = Release|Any CPU
	EndGlobalSection
	GlobalSection(ProjectConfigurationPlatforms) = postSolution
		{69F5CC8B-F476-48E6-9455-C7DBF418AE78}.Debug|Any CPU.ActiveCfg = Debug|Any CPU
		{69F5CC8B-F476-48E6-9455-C7DBF418AE78}.Debug|Any CPU.Build.0 = Debug|Any CPU
		{69F5CC8B-F476-48E6-9455-C7DBF418AE78}.Release|Any CPU.ActiveCfg = Release|Any CPU
		{69F5CC8B-F476-48E6-9455-C7DBF418AE78}.Release|Any CPU.Build.0 = Release|Any CPU
		{55CC0ADB-7576-4B68-91DF-58D59017CED1}.Debug|Any CPU.ActiveCfg = Debug|Any CPU
		{55CC0ADB-7576-4B68-91DF-58D59017CED1}.Debug|Any CPU.Build.0 = Debug|Any CPU
		{55CC0ADB-7576-4B68-91DF-58D59017CED1}.Release|Any CPU.ActiveCfg = Release|Any CPU
		{55CC0ADB-7576-4B68-91DF-58D59017CED1}.Release|Any CPU.Build.0 = Release|Any CPU
		{DF77B904-16ED-430A-A2D5-6C8263C5AC4E}.Debug|Any CPU.ActiveCfg = Debug|Any CPU
		{DF77B904-16ED-430A-A2D5-6C8263C5AC4E}.Debug|Any CPU.Build.0 = Debug|Any CPU
		{DF77B904-16ED-430A-A2D5-6C8263C5AC4E}.Release|Any CPU.ActiveCfg = Release|Any CPU
		{DF77B904-16ED-430A-A2D5-6C8263C5AC4E}.Release|Any CPU.Build.0 = Release|Any CPU
		{104008B3-D8D0-47F0-AB13-7752771AFA1C}.Debug|Any CPU.ActiveCfg = Debug|Any CPU
		{104008B3-D8D0-47F0-AB13-7752771AFA1C}.Debug|Any CPU.Build.0 = Debug|Any CPU
		{104008B3-D8D0-47F0-AB13-7752771AFA1C}.Release|Any CPU.ActiveCfg = Release|Any CPU
		{104008B3-D8D0-47F0-AB13-7752771AFA1C}.Release|Any CPU.Build.0 = Release|Any CPU
		{88542CEE-71D1-421E-A249-2FCD75A88EF5}.Debug|Any CPU.ActiveCfg = Debug|Any CPU
		{88542CEE-71D1-421E-A249-2FCD75A88EF5}.Debug|Any CPU.Build.0 = Debug|Any CPU
		{88542CEE-71D1-421E-A249-2FCD75A88EF5}.Release|Any CPU.ActiveCfg = Release|Any CPU
		{88542CEE-71D1-421E-A249-2FCD75A88EF5}.Release|Any CPU.Build.0 = Release|Any CPU
		{6E6F755E-BA84-4D53-88C4-20AA98A72FBE}.Debug|Any CPU.ActiveCfg = Debug|Any CPU
		{6E6F755E-BA84-4D53-88C4-20AA98A72FBE}.Debug|Any CPU.Build.0 = Debug|Any CPU
		{6E6F755E-BA84-4D53-88C4-20AA98A72FBE}.Release|Any CPU.ActiveCfg = Release|Any CPU
		{6E6F755E-BA84-4D53-88C4-20AA98A72FBE}.Release|Any CPU.Build.0 = Release|Any CPU
	EndGlobalSection
	GlobalSection(SolutionProperties) = preSolution
		HideSolutionNode = FALSE
	EndGlobalSection
	GlobalSection(ExtensibilityGlobals) = postSolution
		SolutionGuid = {0AB61938-688A-4D5C-9CD6-549600215D82}
	EndGlobalSection
EndGlobal
